
Microsoft Visual Studio Solution File, Format Version 12.00
# Visual Studio Version 17
VisualStudioVersion = 17.1.32328.378
MinimumVisualStudioVersion = 10.0.40219.1
Project("{FAE04EC0-301F-11D3-BF4B-00C04F79EFBC}") = "BookStore", "BookStore\BookStore.csproj", "{369E062C-0AFA-4E4D-BA32-132670750EA8}"
EndProject
Global
	GlobalSection(SolutionConfigurationPlatforms) = preSolution
		Debug|Any CPU = Debug|Any CPU
		Release|Any CPU = Release|Any CPU
	EndGlobalSection
	GlobalSection(ProjectConfigurationPlatforms) = postSolution
		{369E062C-0AFA-4E4D-BA32-132670750EA8}.Debug|Any CPU.ActiveCfg = Debug|Any CPU
		{369E062C-0AFA-4E4D-BA32-132670750EA8}.Debug|Any CPU.Build.0 = Debug|Any CPU
		{369E062C-0AFA-4E4D-BA32-132670750EA8}.Release|Any CPU.ActiveCfg = Release|Any CPU
		{369E062C-0AFA-4E4D-BA32-132670750EA8}.Release|Any CPU.Build.0 = Release|Any CPU
	EndGlobalSection
	GlobalSection(SolutionProperties) = preSolution
		HideSolutionNode = FALSE
	EndGlobalSection
	GlobalSection(ExtensibilityGlobals) = postSolution
		SolutionGuid = {4E5B20BB-8770-4F2F-982A-8BFA99F04B57}
	EndGlobalSection
EndGlobal
